{
  "requires": true,
  "lockfileVersion": 1,
  "dependencies": {
    "@types/bson": {
      "version": "4.0.3",
      "resolved": "https://registry.npmjs.org/@types/bson/-/bson-4.0.3.tgz",
      "integrity": "sha512-mVRvYnTOZJz3ccpxhr3wgxVmSeiYinW+zlzQz3SXWaJmD1DuL05Jeq7nKw3SnbKmbleW5qrLG5vdyWe/A9sXhw==",
      "requires": {
        "@types/node": "*"
      }
    },
    "@types/mongodb": {
      "version": "3.6.17",
      "resolved": "https://registry.npmjs.org/@types/mongodb/-/mongodb-3.6.17.tgz",
      "integrity": "sha512-9hhgvYPdC5iHyyksPcKCu45gfaAIPQHKHGdvNXu4582DmOZX3wrUJIJPT40o4G1oTKPgpMMFqZglOTjhnYoF+A==",
      "requires": {
        "@types/bson": "*",
        "@types/node": "*"
      }
    },
    "@types/mongoose": {
      "version": "5.10.5",
      "resolved": "https://registry.npmjs.org/@types/mongoose/-/mongoose-5.10.5.tgz",
      "integrity": "sha512-37QMIA954T3n+HSksSNLlxZsqF8fMJu5S4dyPBod6gRxGtsXlQ9jUtL8BE8Seimv99u79eLXI3bggoCnSQ/fxQ==",
      "requires": {
        "@types/mongodb": "*",
        "@types/node": "*"
      }
    },
    "@types/node": {
      "version": "15.6.1",
      "resolved": "https://registry.npmjs.org/@types/node/-/node-15.6.1.tgz",
      "integrity": "sha512-7EIraBEyRHEe7CH+Fm1XvgqU6uwZN8Q7jppJGcqjROMT29qhAuuOxYB1uEY5UMYQKEmA5D+5tBnhdaPXSsLONA=="
    }
  }
}
